# THIS IS AN AUTOGENERATED FILE. DO NOT EDIT THIS FILE DIRECTLY.
# yarn lockfile v1


"@babel/runtime@^7.1.2":
  version "7.21.0"
  resolved "https://registry.yarnpkg.com/@babel/runtime/-/runtime-7.21.0.tgz#5b55c9d394e5fcf304909a8b00c07dc217b56673"
  integrity sha512-xwII0//EObnq89Ji5AKYQaRYiW/nZ3llSv29d49IuxPhKbtJoLP+9QUUZ4nVragQVtaVGeZrpB+ZtG/Pdy/POw==
  dependencies:
    regenerator-runtime "^0.13.11"

"@next/env@13.3.0":
  version "13.3.0"
  resolved "https://registry.yarnpkg.com/@next/env/-/env-13.3.0.tgz#cc2e49f03060a4684ce7ec7fd617a21bc5b9edba"
  integrity sha512-AjppRV4uG3No7L1plinoTQETH+j2F10TEnrMfzbTUYwze5sBUPveeeBAPZPm8OkJZ1epq9OyYKhZrvbD6/9HCQ==

"@next/swc-darwin-arm64@13.3.0":
  version "13.3.0"
  resolved "https://registry.yarnpkg.com/@next/swc-darwin-arm64/-/swc-darwin-arm64-13.3.0.tgz#38f18e0639cd4c7edc6a38d4b83fe00f38eea4f2"
  integrity sha512-DmIQCNq6JtccLPPBzf0dgh2vzMWt5wjxbP71pCi5EWpWYE3MsP6FcRXi4MlAmFNDQOfcFXR2r7kBeG1LpZUh1w==

"@next/swc-darwin-x64@13.3.0":
  version "13.3.0"
  resolved "https://registry.yarnpkg.com/@next/swc-darwin-x64/-/swc-darwin-x64-13.3.0.tgz#b670ed1fd1d231aa21279173ec52e3ad56dc6aeb"
  integrity sha512-oQoqFa88OGgwnYlnAGHVct618FRI/749se0N3S8t9Bzdv5CRbscnO0RcX901+YnNK4Q6yeiizfgO3b7kogtsZg==

"@next/swc-linux-arm64-gnu@13.3.0":
  version "13.3.0"
  resolved "https://registry.yarnpkg.com/@next/swc-linux-arm64-gnu/-/swc-linux-arm64-gnu-13.3.0.tgz#b114935f6b4c94c123f6cac55a4823d483209ba5"
  integrity sha512-Wzz2p/WqAJUqTVoLo6H18WMeAXo3i+9DkPDae4oQG8LMloJ3if4NEZTnOnTUlro6cq+S/W4pTGa97nWTrOjbGw==

"@next/swc-linux-arm64-musl@13.3.0":
  version "13.3.0"
  resolved "https://registry.yarnpkg.com/@next/swc-linux-arm64-musl/-/swc-linux-arm64-musl-13.3.0.tgz#67a57309f8761c7d00d629d6785d56ed0567a0d2"
  integrity sha512-xPVrIQOQo9WXJYgmoTlMnAD/HlR/1e1ZIWGbwIzEirXBVBqMARUulBEIKdC19zuvoJ477qZJgBDCKtKEykCpyQ==

"@next/swc-linux-x64-gnu@13.3.0":
  version "13.3.0"
  resolved "https://registry.yarnpkg.com/@next/swc-linux-x64-gnu/-/swc-linux-x64-gnu-13.3.0.tgz#11bd2bea7c00b40be111c0dd16e71171f3792086"
  integrity sha512-jOFlpGuPD7W2tuXVJP4wt9a3cpNxWAPcloq5EfMJRiXsBBOjLVFZA7boXYxEBzSVgUiVVr1V9T0HFM7pULJ1qA==

"@next/swc-linux-x64-musl@13.3.0":
  version "13.3.0"
  resolved "https://registry.yarnpkg.com/@next/swc-linux-x64-musl/-/swc-linux-x64-musl-13.3.0.tgz#d57e99f85890799b78719c3ea32a4624de8d701b"
  integrity sha512-2OwKlzaBgmuet9XYHc3KwsEilzb04F540rlRXkAcjMHL7eCxB7uZIGtsVvKOnQLvC/elrUegwSw1+5f7WmfyOw==

"@next/swc-win32-arm64-msvc@13.3.0":
  version "13.3.0"
  resolved "https://registry.yarnpkg.com/@next/swc-win32-arm64-msvc/-/swc-win32-arm64-msvc-13.3.0.tgz#0c209aa35d1c88b01e78259a89cd68f4139b5093"
  integrity sha512-OeHiA6YEvndxT46g+rzFK/MQTfftKxJmzslERMu9LDdC6Kez0bdrgEYed5eXFK2Z1viKZJCGRlhd06rBusyztA==

"@next/swc-win32-ia32-msvc@13.3.0":
  version "13.3.0"
  resolved "https://registry.yarnpkg.com/@next/swc-win32-ia32-msvc/-/swc-win32-ia32-msvc-13.3.0.tgz#52ae74da1dd6d840c3743923367d27ed013803dd"
  integrity sha512-4aB7K9mcVK1lYEzpOpqWrXHEZympU3oK65fnNcY1Qc4HLJFLJj8AViuqQd4jjjPNuV4sl8jAwTz3gN5VNGWB7w==

"@next/swc-win32-x64-msvc@13.3.0":
  version "13.3.0"
  resolved "https://registry.yarnpkg.com/@next/swc-win32-x64-msvc/-/swc-win32-x64-msvc-13.3.0.tgz#db7b55fee834dc8c2c484c696469e65bae2ee770"
  integrity sha512-Reer6rkLLcoOvB0dd66+Y7WrWVFH7sEEkF/4bJCIfsSKnTStTYaHtwIJAwbqnt9I392Tqvku0KkoqZOryWV9LQ==

"@swc/helpers@0.4.14":
  version "0.4.14"
  resolved "https://registry.yarnpkg.com/@swc/helpers/-/helpers-0.4.14.tgz#1352ac6d95e3617ccb7c1498ff019654f1e12a74"
  integrity sha512-4C7nX/dvpzB7za4Ql9K81xK3HPxCpHMgwTZVyf+9JQ6VUbn9jjZVN7/Nkdz/Ugzs2CSjqnL/UPXroiVBVHUWUw==
  dependencies:
    tslib "^2.4.0"

"@types/canvas-confetti@1.6.0":
  version "1.6.0"
  resolved "https://registry.yarnpkg.com/@types/canvas-confetti/-/canvas-confetti-1.6.0.tgz#c525f22f1042e73dec6a7e86c1f5bb0191c09fea"
  integrity sha512-Yq6rIccwcco0TLD5SMUrIM7Fk7Fe/C0jmNRxJJCLtAF6gebDkPuUjK5EHedxecm69Pi/aA+It39Ux4OHmFhjRw==

"@types/js-cookie@^2.2.6":
  version "2.2.7"
  resolved "https://registry.yarnpkg.com/@types/js-cookie/-/js-cookie-2.2.7.tgz#226a9e31680835a6188e887f3988e60c04d3f6a3"
  integrity sha512-aLkWa0C0vO5b4Sr798E26QgOkss68Un0bLjs7u9qxzPT5CG+8DuNTffWES58YzJs3hrVAOs1wonycqEBqNJubA==

"@xobotyi/scrollbar-width@^1.9.5":
  version "1.9.5"
  resolved "https://registry.yarnpkg.com/@xobotyi/scrollbar-width/-/scrollbar-width-1.9.5.tgz#80224a6919272f405b87913ca13b92929bdf3c4d"
  integrity sha512-N8tkAACJx2ww8vFMneJmaAgmjAG1tnVBZJRLRcx061tmsLRZHSEZSLuGWnwPtunsSLvSqXQ2wfp7Mgqg1I+2dQ==

bootstrap@^5.2.3:
  version "5.2.3"
  resolved "https://registry.yarnpkg.com/bootstrap/-/bootstrap-5.2.3.tgz#54739f4414de121b9785c5da3c87b37ff008322b"
  integrity sha512-cEKPM+fwb3cT8NzQZYEu4HilJ3anCrWqh3CHAok1p9jXqMPsPTBhU25fBckEJHJ/p+tTxTFTsFQGM+gaHpi3QQ==

busboy@1.6.0:
  version "1.6.0"
  resolved "https://registry.yarnpkg.com/busboy/-/busboy-1.6.0.tgz#966ea36a9502e43cdb9146962523b92f531f6893"
  integrity sha512-8SFQbg/0hQ9xy3UNTB0YEnsNBbWfhf7RtnzpL7TkBiTBRfrQ9Fxcnz7VJsleJpyp6rVLvXiuORqjlHi5q+PYuA==
  dependencies:
    streamsearch "^1.1.0"

caniuse-lite@^1.0.30001406:
  version "1.0.30001477"
  resolved "https://registry.yarnpkg.com/caniuse-lite/-/caniuse-lite-1.0.30001477.tgz#a2ffb2276258233034bbb869d4558b02658a511e"
  integrity sha512-lZim4iUHhGcy5p+Ri/G7m84hJwncj+Kz7S5aD4hoQfslKZJgt0tHc/hafVbqHC5bbhHb+mrW2JOUHkI5KH7toQ==

canvas-confetti@1.6.0:
  version "1.6.0"
  resolved "https://registry.yarnpkg.com/canvas-confetti/-/canvas-confetti-1.6.0.tgz#193f71aa8f38fc850a5ba94f59091a7afdb43ead"
  integrity sha512-ej+w/m8Jzpv9Z7W7uJZer14Ke8P2ogsjg4ZMGIuq4iqUOqY2Jq8BNW42iGmNfRwREaaEfFIczLuZZiEVSYNHAA==

client-only@0.0.1:
  version "0.0.1"
  resolved "https://registry.yarnpkg.com/client-only/-/client-only-0.0.1.tgz#38bba5d403c41ab150bff64a95c85013cf73bca1"
  integrity sha512-IV3Ou0jSMzZrd3pZ48nLkT9DA7Ag1pnPzaiQhpW7c3RbcqqzvzzVu+L8gfqMp/8IM2MQtSiqaCxrrcfu8I8rMA==

copy-to-clipboard@^3.3.1:
  version "3.3.3"
  resolved "https://registry.yarnpkg.com/copy-to-clipboard/-/copy-to-clipboard-3.3.3.tgz#55ac43a1db8ae639a4bd99511c148cdd1b83a1b0"
  integrity sha512-2KV8NhB5JqC3ky0r9PMCAZKbUHSwtEo4CwCs0KXgruG43gX5PMqDEBbVU4OUzw2MuAWUfsuFmWvEKG5QRfSnJA==
  dependencies:
    toggle-selection "^1.0.6"

css-in-js-utils@^3.1.0:
  version "3.1.0"
  resolved "https://registry.yarnpkg.com/css-in-js-utils/-/css-in-js-utils-3.1.0.tgz#640ae6a33646d401fc720c54fc61c42cd76ae2bb"
  integrity sha512-fJAcud6B3rRu+KHYk+Bwf+WFL2MDCJJ1XG9x137tJQ0xYxor7XziQtuGFbWNdqrvF4Tk26O3H73nfVqXt/fW1A==
  dependencies:
    hyphenate-style-name "^1.0.3"

css-tree@^1.1.2:
  version "1.1.3"
  resolved "https://registry.yarnpkg.com/css-tree/-/css-tree-1.1.3.tgz#eb4870fb6fd7707327ec95c2ff2ab09b5e8db91d"
  integrity sha512-tRpdppF7TRazZrjJ6v3stzv93qxRcSsFmW6cX0Zm2NVKpxE1WV1HblnghVv9TreireHkqI/VDEsfolRF1p6y7Q==
  dependencies:
    mdn-data "2.0.14"
    source-map "^0.6.1"

csstype@^3.0.6:
  version "3.1.2"
  resolved "https://registry.yarnpkg.com/csstype/-/csstype-3.1.2.tgz#1d4bf9d572f11c14031f0436e1c10bc1f571f50b"
  integrity sha512-I7K1Uu0MBPzaFKg4nI5Q7Vs2t+3gWWW648spaF+Rg7pI9ds18Ugn+lvg4SHczUdKlHI5LWBXyqfS8+DufyBsgQ==

error-stack-parser@^2.0.6:
  version "2.1.4"
  resolved "https://registry.yarnpkg.com/error-stack-parser/-/error-stack-parser-2.1.4.tgz#229cb01cdbfa84440bfa91876285b94680188286"
  integrity sha512-Sk5V6wVazPhq5MhpO+AUxJn5x7XSXGl1R93Vn7i+zS15KDVxQijejNCrz8340/2bgLBjR9GtEG8ZVKONDjcqGQ==
  dependencies:
    stackframe "^1.3.4"

fast-deep-equal@^3.1.3:
  version "3.1.3"
  resolved "https://registry.yarnpkg.com/fast-deep-equal/-/fast-deep-equal-3.1.3.tgz#3a7d56b559d6cbc3eb512325244e619a65c6c525"
  integrity sha512-f3qQ9oQy9j2AhBe/H9VC91wLmKBCCU/gDOnKNAYG5hswO7BLKj09Hc5HYNz9cGI++xlpDCIgDaitVs03ATR84Q==

fast-loops@^1.1.3:
  version "1.1.3"
  resolved "https://registry.yarnpkg.com/fast-loops/-/fast-loops-1.1.3.tgz#ce96adb86d07e7bf9b4822ab9c6fac9964981f75"
  integrity sha512-8EZzEP0eKkEEVX+drtd9mtuQ+/QrlfW/5MlwcwK5Nds6EkZ/tRzEexkzUY2mIssnAyVLT+TKHuRXmFNNXYUd6g==

fast-shallow-equal@^1.0.0:
  version "1.0.0"
  resolved "https://registry.yarnpkg.com/fast-shallow-equal/-/fast-shallow-equal-1.0.0.tgz#d4dcaf6472440dcefa6f88b98e3251e27f25628b"
  integrity sha512-HPtaa38cPgWvaCFmRNhlc6NG7pv6NUHqjPgVAkWGoB9mQMwYB27/K0CvOM5Czy+qpT3e8XJ6Q4aPAnzpNpzNaw==

fastest-stable-stringify@^2.0.2:
  version "2.0.2"
  resolved "https://registry.yarnpkg.com/fastest-stable-stringify/-/fastest-stable-stringify-2.0.2.tgz#3757a6774f6ec8de40c4e86ec28ea02417214c76"
  integrity sha512-bijHueCGd0LqqNK9b5oCMHc0MluJAx0cwqASgbWMvkO01lCYgIhacVRLcaDz3QnyYIRNJRDwMb41VuT6pHJ91Q==

hyphenate-style-name@^1.0.3:
  version "1.0.4"
  resolved "https://registry.yarnpkg.com/hyphenate-style-name/-/hyphenate-style-name-1.0.4.tgz#691879af8e220aea5750e8827db4ef62a54e361d"
  integrity sha512-ygGZLjmXfPHj+ZWh6LwbC37l43MhfztxetbFCoYTM2VjkIUpeHgSNn7QIyVFj7YQ1Wl9Cbw5sholVJPzWvC2MQ==

inline-style-prefixer@^6.0.0:
  version "6.0.4"
  resolved "https://registry.yarnpkg.com/inline-style-prefixer/-/inline-style-prefixer-6.0.4.tgz#4290ed453ab0e4441583284ad86e41ad88384f44"
  integrity sha512-FwXmZC2zbeeS7NzGjJ6pAiqRhXR0ugUShSNb6GApMl6da0/XGc4MOJsoWAywia52EEWbXNSy0pzkwz/+Y+swSg==
  dependencies:
    css-in-js-utils "^3.1.0"
    fast-loops "^1.1.3"

js-cookie@^2.2.1:
  version "2.2.1"
  resolved "https://registry.yarnpkg.com/js-cookie/-/js-cookie-2.2.1.tgz#69e106dc5d5806894562902aa5baec3744e9b2b8"
  integrity sha512-HvdH2LzI/EAZcUwA8+0nKNtWHqS+ZmijLA30RwZA0bo7ToCckjK5MkGhjED9KoRcXO6BaGI3I9UIzSA1FKFPOQ==

"js-tokens@^3.0.0 || ^4.0.0":
  version "4.0.0"
  resolved "https://registry.yarnpkg.com/js-tokens/-/js-tokens-4.0.0.tgz#19203fb59991df98e3a287050d4647cdeaf32499"
  integrity sha512-RdJUflcE3cUzKiMqQgsCu06FPu9UdIJO0beYbPhHN4k6apgJtifcoCtT9bcxOpYBtpD2kCM6Sbzg4CausW/PKQ==

loose-envify@^1.1.0:
  version "1.4.0"
  resolved "https://registry.yarnpkg.com/loose-envify/-/loose-envify-1.4.0.tgz#71ee51fa7be4caec1a63839f7e682d8132d30caf"
  integrity sha512-lyuxPGr/Wfhrlem2CL/UcnUc1zcqKAImBDzukY7Y5F/yQiNdko6+fRLevlw1HgMySw7f611UIY408EtxRSoK3Q==
  dependencies:
    js-tokens "^3.0.0 || ^4.0.0"

mdn-data@2.0.14:
  version "2.0.14"
  resolved "https://registry.yarnpkg.com/mdn-data/-/mdn-data-2.0.14.tgz#7113fc4281917d63ce29b43446f701e68c25ba50"
  integrity sha512-dn6wd0uw5GsdswPFfsgMp5NSB0/aDe6fK94YJV/AJDYXL6HVLWBsxeq7js7Ad+mU2K9LAlwpk6kN2D5mwCPVow==

nano-css@^5.3.1:
  version "5.3.5"
  resolved "https://registry.yarnpkg.com/nano-css/-/nano-css-5.3.5.tgz#3075ea29ffdeb0c7cb6d25edb21d8f7fa8e8fe8e"
  integrity sha512-vSB9X12bbNu4ALBu7nigJgRViZ6ja3OU7CeuiV1zMIbXOdmkLahgtPmh3GBOlDxbKY0CitqlPdOReGlBLSp+yg==
  dependencies:
    css-tree "^1.1.2"
    csstype "^3.0.6"
    fastest-stable-stringify "^2.0.2"
    inline-style-prefixer "^6.0.0"
    rtl-css-js "^1.14.0"
    sourcemap-codec "^1.4.8"
    stacktrace-js "^2.0.2"
    stylis "^4.0.6"

nanoid@^3.3.4:
  version "3.3.6"
  resolved "https://registry.yarnpkg.com/nanoid/-/nanoid-3.3.6.tgz#443380c856d6e9f9824267d960b4236ad583ea4c"
  integrity sha512-BGcqMMJuToF7i1rt+2PWSNVnWIkGCU78jBG3RxO/bZlnZPK2Cmi2QaffxGO/2RvWi9sL+FAiRiXMgsyxQ1DIDA==

next@13.3.0:
  version "13.3.0"
  resolved "https://registry.yarnpkg.com/next/-/next-13.3.0.tgz#40632d303d74fc8521faa0a5bf4a033a392749b1"
  integrity sha512-OVTw8MpIPa12+DCUkPqRGPS3thlJPcwae2ZL4xti3iBff27goH024xy4q2lhlsdoYiKOi8Kz6uJoLW/GXwgfOA==
  dependencies:
    "@next/env" "13.3.0"
    "@swc/helpers" "0.4.14"
    busboy "1.6.0"
    caniuse-lite "^1.0.30001406"
    postcss "8.4.14"
    styled-jsx "5.1.1"
  optionalDependencies:
    "@next/swc-darwin-arm64" "13.3.0"
    "@next/swc-darwin-x64" "13.3.0"
    "@next/swc-linux-arm64-gnu" "13.3.0"
    "@next/swc-linux-arm64-musl" "13.3.0"
    "@next/swc-linux-x64-gnu" "13.3.0"
    "@next/swc-linux-x64-musl" "13.3.0"
    "@next/swc-win32-arm64-msvc" "13.3.0"
    "@next/swc-win32-ia32-msvc" "13.3.0"
    "@next/swc-win32-x64-msvc" "13.3.0"

picocolors@^1.0.0:
  version "1.0.0"
  resolved "https://registry.yarnpkg.com/picocolors/-/picocolors-1.0.0.tgz#cb5bdc74ff3f51892236eaf79d68bc44564ab81c"
  integrity sha512-1fygroTLlHu66zi26VoTDv8yRgm0Fccecssto+MhsZ0D/DGW2sm8E8AjW7NU5VVTRt5GxbeZ5qBuJr+HyLYkjQ==

postcss@8.4.14:
  version "8.4.14"
  resolved "https://registry.yarnpkg.com/postcss/-/postcss-8.4.14.tgz#ee9274d5622b4858c1007a74d76e42e56fd21caf"
  integrity sha512-E398TUmfAYFPBSdzgeieK2Y1+1cpdxJx8yXbK/m57nRhKSmk1GB2tO4lbLBtlkfPQTDKfe4Xqv1ASWPpayPEig==
  dependencies:
    nanoid "^3.3.4"
    picocolors "^1.0.0"
    source-map-js "^1.0.2"

react-canvas-confetti@^1.4.0:
  version "1.4.0"
  resolved "https://registry.yarnpkg.com/react-canvas-confetti/-/react-canvas-confetti-1.4.0.tgz#69a759e09024ff2cc8896739b8377182dee3c38d"
  integrity sha512-ByBdSsNGUxlcJuOqSgbZw1VWNNO3b7njTmnuM1Y36mvwdCkCRs8rLkRAjn6MQK96LgWcfDVhr6ZT5olm2w8Zwg==
  dependencies:
    "@types/canvas-confetti" "1.6.0"
    canvas-confetti "1.6.0"

react-confetti@^6.1.0:
  version "6.1.0"
  resolved "https://registry.yarnpkg.com/react-confetti/-/react-confetti-6.1.0.tgz#03dc4340d955acd10b174dbf301f374a06e29ce6"
  integrity sha512-7Ypx4vz0+g8ECVxr88W9zhcQpbeujJAVqL14ZnXJ3I23mOI9/oBVTQ3dkJhUmB0D6XOtCZEM6N0Gm9PMngkORw==
  dependencies:
    tween-functions "^1.2.0"

react-dom@18.2.0:
  version "18.2.0"
  resolved "https://registry.yarnpkg.com/react-dom/-/react-dom-18.2.0.tgz#22aaf38708db2674ed9ada224ca4aa708d821e3d"
  integrity sha512-6IMTriUmvsjHUjNtEDudZfuDQUoWXVxKHhlEGSk81n4YFS+r/Kl99wXiwlVXtPBtJenozv2P+hxDsw9eA7Xo6g==
  dependencies:
    loose-envify "^1.1.0"
    scheduler "^0.23.0"

react-universal-interface@^0.6.2:
  version "0.6.2"
  resolved "https://registry.yarnpkg.com/react-universal-interface/-/react-universal-interface-0.6.2.tgz#5e8d438a01729a4dbbcbeeceb0b86be146fe2b3b"
  integrity sha512-dg8yXdcQmvgR13RIlZbTRQOoUrDciFVoSBZILwjE2LFISxZZ8loVJKAkuzswl5js8BHda79bIb2b84ehU8IjXw==

react-use@^17.4.0:
  version "17.4.0"
  resolved "https://registry.yarnpkg.com/react-use/-/react-use-17.4.0.tgz#cefef258b0a6c534a5c8021c2528ac6e1a4cdc6d"
  integrity sha512-TgbNTCA33Wl7xzIJegn1HndB4qTS9u03QUwyNycUnXaweZkE4Kq2SB+Yoxx8qbshkZGYBDvUXbXWRUmQDcZZ/Q==
  dependencies:
    "@types/js-cookie" "^2.2.6"
    "@xobotyi/scrollbar-width" "^1.9.5"
    copy-to-clipboard "^3.3.1"
    fast-deep-equal "^3.1.3"
    fast-shallow-equal "^1.0.0"
    js-cookie "^2.2.1"
    nano-css "^5.3.1"
    react-universal-interface "^0.6.2"
    resize-observer-polyfill "^1.5.1"
    screenfull "^5.1.0"
    set-harmonic-interval "^1.0.1"
    throttle-debounce "^3.0.1"
    ts-easing "^0.2.0"
    tslib "^2.1.0"

react@18.2.0:
  version "18.2.0"
  resolved "https://registry.yarnpkg.com/react/-/react-18.2.0.tgz#555bd98592883255fa00de14f1151a917b5d77d5"
  integrity sha512-/3IjMdb2L9QbBdWiW5e3P2/npwMBaU9mHCSCUzNln0ZCYbcfTsGbTJrU/kGemdH2IWmB2ioZ+zkxtmq6g09fGQ==
  dependencies:
    loose-envify "^1.1.0"

regenerator-runtime@^0.13.11:
  version "0.13.11"
  resolved "https://registry.yarnpkg.com/regenerator-runtime/-/regenerator-runtime-0.13.11.tgz#f6dca3e7ceec20590d07ada785636a90cdca17f9"
  integrity sha512-kY1AZVr2Ra+t+piVaJ4gxaFaReZVH40AKNo7UCX6W+dEwBo/2oZJzqfuN1qLq1oL45o56cPaTXELwrTh8Fpggg==

resize-observer-polyfill@^1.5.1:
  version "1.5.1"
  resolved "https://registry.yarnpkg.com/resize-observer-polyfill/-/resize-observer-polyfill-1.5.1.tgz#0e9020dd3d21024458d4ebd27e23e40269810464"
  integrity sha512-LwZrotdHOo12nQuZlHEmtuXdqGoOD0OhaxopaNFxWzInpEgaLWoVuAMbTzixuosCx2nEG58ngzW3vxdWoxIgdg==

rtl-css-js@^1.14.0:
  version "1.16.1"
  resolved "https://registry.yarnpkg.com/rtl-css-js/-/rtl-css-js-1.16.1.tgz#4b48b4354b0ff917a30488d95100fbf7219a3e80"
  integrity sha512-lRQgou1mu19e+Ya0LsTvKrVJ5TYUbqCVPAiImX3UfLTenarvPUl1QFdvu5Z3PYmHT9RCcwIfbjRQBntExyj3Zg==
  dependencies:
    "@babel/runtime" "^7.1.2"

scheduler@^0.23.0:
  version "0.23.0"
  resolved "https://registry.yarnpkg.com/scheduler/-/scheduler-0.23.0.tgz#ba8041afc3d30eb206a487b6b384002e4e61fdfe"
  integrity sha512-CtuThmgHNg7zIZWAXi3AsyIzA3n4xx7aNyjwC2VJldO2LMVDhFK+63xGqq6CsJH4rTAt6/M+N4GhZiDYPx9eUw==
  dependencies:
    loose-envify "^1.1.0"

screenfull@^5.1.0:
  version "5.2.0"
  resolved "https://registry.yarnpkg.com/screenfull/-/screenfull-5.2.0.tgz#6533d524d30621fc1283b9692146f3f13a93d1ba"
  integrity sha512-9BakfsO2aUQN2K9Fdbj87RJIEZ82Q9IGim7FqM5OsebfoFC6ZHXgDq/KvniuLTPdeM8wY2o6Dj3WQ7KeQCj3cA==

set-harmonic-interval@^1.0.1:
  version "1.0.1"
  resolved "https://registry.yarnpkg.com/set-harmonic-interval/-/set-harmonic-interval-1.0.1.tgz#e1773705539cdfb80ce1c3d99e7f298bb3995249"
  integrity sha512-AhICkFV84tBP1aWqPwLZqFvAwqEoVA9kxNMniGEUvzOlm4vLmOFLiTT3UZ6bziJTy4bOVpzWGTfSCbmaayGx8g==

source-map-js@^1.0.2:
  version "1.0.2"
  resolved "https://registry.yarnpkg.com/source-map-js/-/source-map-js-1.0.2.tgz#adbc361d9c62df380125e7f161f71c826f1e490c"
  integrity sha512-R0XvVJ9WusLiqTCEiGCmICCMplcCkIwwR11mOSD9CR5u+IXYdiseeEuXCVAjS54zqwkLcPNnmU4OeJ6tUrWhDw==

source-map@0.5.6:
  version "0.5.6"
  resolved "https://registry.yarnpkg.com/source-map/-/source-map-0.5.6.tgz#75ce38f52bf0733c5a7f0c118d81334a2bb5f412"
  integrity sha512-MjZkVp0NHr5+TPihLcadqnlVoGIoWo4IBHptutGh9wI3ttUYvCG26HkSuDi+K6lsZ25syXJXcctwgyVCt//xqA==

source-map@^0.6.1:
  version "0.6.1"
  resolved "https://registry.yarnpkg.com/source-map/-/source-map-0.6.1.tgz#74722af32e9614e9c287a8d0bbde48b5e2f1a263"
  integrity sha512-UjgapumWlbMhkBgzT7Ykc5YXUT46F0iKu8SGXq0bcwP5dz/h0Plj6enJqjz1Zbq2l5WaqYnrVbwWOWMyF3F47g==

sourcemap-codec@^1.4.8:
  version "1.4.8"
  resolved "https://registry.yarnpkg.com/sourcemap-codec/-/sourcemap-codec-1.4.8.tgz#ea804bd94857402e6992d05a38ef1ae35a9ab4c4"
  integrity sha512-9NykojV5Uih4lgo5So5dtw+f0JgJX30KCNI8gwhz2J9A15wD0Ml6tjHKwf6fTSa6fAdVBdZeNOs9eJ71qCk8vA==

stack-generator@^2.0.5:
  version "2.0.10"
  resolved "https://registry.yarnpkg.com/stack-generator/-/stack-generator-2.0.10.tgz#8ae171e985ed62287d4f1ed55a1633b3fb53bb4d"
  integrity sha512-mwnua/hkqM6pF4k8SnmZ2zfETsRUpWXREfA/goT8SLCV4iOFa4bzOX2nDipWAZFPTjLvQB82f5yaodMVhK0yJQ==
  dependencies:
    stackframe "^1.3.4"

stackframe@^1.3.4:
  version "1.3.4"
  resolved "https://registry.yarnpkg.com/stackframe/-/stackframe-1.3.4.tgz#b881a004c8c149a5e8efef37d51b16e412943310"
  integrity sha512-oeVtt7eWQS+Na6F//S4kJ2K2VbRlS9D43mAlMyVpVWovy9o+jfgH8O9agzANzaiLjclA0oYzUXEM4PurhSUChw==

stacktrace-gps@^3.0.4:
  version "3.1.2"
  resolved "https://registry.yarnpkg.com/stacktrace-gps/-/stacktrace-gps-3.1.2.tgz#0c40b24a9b119b20da4525c398795338966a2fb0"
  integrity sha512-GcUgbO4Jsqqg6RxfyTHFiPxdPqF+3LFmQhm7MgCuYQOYuWyqxo5pwRPz5d/u6/WYJdEnWfK4r+jGbyD8TSggXQ==
  dependencies:
    source-map "0.5.6"
    stackframe "^1.3.4"

stacktrace-js@^2.0.2:
  version "2.0.2"
  resolved "https://registry.yarnpkg.com/stacktrace-js/-/stacktrace-js-2.0.2.tgz#4ca93ea9f494752d55709a081d400fdaebee897b"
  integrity sha512-Je5vBeY4S1r/RnLydLl0TBTi3F2qdfWmYsGvtfZgEI+SCprPppaIhQf5nGcal4gI4cGpCV/duLcAzT1np6sQqg==
  dependencies:
    error-stack-parser "^2.0.6"
    stack-generator "^2.0.5"
    stacktrace-gps "^3.0.4"

streamsearch@^1.1.0:
  version "1.1.0"
  resolved "https://registry.yarnpkg.com/streamsearch/-/streamsearch-1.1.0.tgz#404dd1e2247ca94af554e841a8ef0eaa238da764"
  integrity sha512-Mcc5wHehp9aXz1ax6bZUyY5afg9u2rv5cqQI3mRrYkGC8rW2hM02jWuwjtL++LS5qinSyhj2QfLyNsuc+VsExg==

styled-jsx@5.1.1:
  version "5.1.1"
  resolved "https://registry.yarnpkg.com/styled-jsx/-/styled-jsx-5.1.1.tgz#839a1c3aaacc4e735fed0781b8619ea5d0009d1f"
  integrity sha512-pW7uC1l4mBZ8ugbiZrcIsiIvVx1UmTfw7UkC3Um2tmfUq9Bhk8IiyEIPl6F8agHgjzku6j0xQEZbfA5uSgSaCw==
  dependencies:
    client-only "0.0.1"

stylis@^4.0.6:
  version "4.1.3"
  resolved "https://registry.yarnpkg.com/stylis/-/stylis-4.1.3.tgz#fd2fbe79f5fed17c55269e16ed8da14c84d069f7"
  integrity sha512-GP6WDNWf+o403jrEp9c5jibKavrtLW+/qYGhFxFrG8maXhwTBI7gLLhiBb0o7uFccWN+EOS9aMO6cGHWAO07OA==

throttle-debounce@^3.0.1:
  version "3.0.1"
  resolved "https://registry.yarnpkg.com/throttle-debounce/-/throttle-debounce-3.0.1.tgz#32f94d84dfa894f786c9a1f290e7a645b6a19abb"
  integrity sha512-dTEWWNu6JmeVXY0ZYoPuH5cRIwc0MeGbJwah9KUNYSJwommQpCzTySTpEe8Gs1J23aeWEuAobe4Ag7EHVt/LOg==

toggle-selection@^1.0.6:
  version "1.0.6"
  resolved "https://registry.yarnpkg.com/toggle-selection/-/toggle-selection-1.0.6.tgz#6e45b1263f2017fa0acc7d89d78b15b8bf77da32"
  integrity sha512-BiZS+C1OS8g/q2RRbJmy59xpyghNBqrr6k5L/uKBGRsTfxmu3ffiRnd8mlGPUVayg8pvfi5urfnu8TU7DVOkLQ==

ts-easing@^0.2.0:
  version "0.2.0"
  resolved "https://registry.yarnpkg.com/ts-easing/-/ts-easing-0.2.0.tgz#c8a8a35025105566588d87dbda05dd7fbfa5a4ec"
  integrity sha512-Z86EW+fFFh/IFB1fqQ3/+7Zpf9t2ebOAxNI/V6Wo7r5gqiqtxmgTlQ1qbqQcjLKYeSHPTsEmvlJUDg/EuL0uHQ==

tslib@^2.1.0, tslib@^2.4.0:
  version "2.5.0"
  resolved "https://registry.yarnpkg.com/tslib/-/tslib-2.5.0.tgz#42bfed86f5787aeb41d031866c8f402429e0fddf"
  integrity sha512-336iVw3rtn2BUK7ORdIAHTyxHGRIHVReokCR3XjbckJMK7ms8FysBfhLR8IXnAgy7T0PTPNBWKiH514FOW/WSg==

tween-functions@^1.2.0:
  version "1.2.0"
  resolved "https://registry.yarnpkg.com/tween-functions/-/tween-functions-1.2.0.tgz#1ae3a50e7c60bb3def774eac707acbca73bbc3ff"
  integrity sha512-PZBtLYcCLtEcjL14Fzb1gSxPBeL7nWvGhO5ZFPGqziCcr8uvHp0NDmdjBchp6KHL+tExcg0m3NISmKxhU394dA==
